// !$*UTF8*$!
{
	archiveVersion = 1;
	classes = {
	};
	objectVersion = 56;
	objects = {

/* Begin PBXBuildFile section */
		F8ABBF982A83A5C60026D80D /* AppDelegate.swift in Sources */ = {isa = PBXBuildFile; fileRef = F8ABBF972A83A5C60026D80D /* AppDelegate.swift */; };
		F8ABBF9A2A83A5C60026D80D /* SceneDelegate.swift in Sources */ = {isa = PBXBuildFile; fileRef = F8ABBF992A83A5C60026D80D /* SceneDelegate.swift */; };
		F8ABBF9C2A83A5C60026D80D /* ViewController.swift in Sources */ = {isa = PBXBuildFile; fileRef = F8ABBF9B2A83A5C60026D80D /* ViewController.swift */; };
		F8ABBF9F2A83A5C60026D80D /* Main.storyboard in Resources */ = {isa = PBXBuildFile; fileRef = F8ABBF9D2A83A5C60026D80D /* Main.storyboard */; };
		F8ABBFA12A83A5C80026D80D /* Assets.xcassets in Resources */ = {isa = PBXBuildFile; fileRef = F8ABBFA02A83A5C80026D80D /* Assets.xcassets */; };
		F8ABBFA42A83A5C80026D80D /* LaunchScreen.storyboard in Resources */ = {isa = PBXBuildFile; fileRef = F8ABBFA22A83A5C80026D80D /* LaunchScreen.storyboard */; };
		F8ABBFAE2A83A6660026D80D /* JumpingProtocol.swift in Sources */ = {isa = PBXBuildFile; fileRef = F8ABBFAD2A83A6660026D80D /* JumpingProtocol.swift */; };
		F8ABBFB42A83A75F0026D80D /* FrogAdapter.swift in Sources */ = {isa = PBXBuildFile; fileRef = F8ABBFB32A83A75F0026D80D /* FrogAdapter.swift */; };
		F8ABBFB72A83A78B0026D80D /* FrogAdaptee.swift in Sources */ = {isa = PBXBuildFile; fileRef = F8ABBFB62A83A78B0026D80D /* FrogAdaptee.swift */; };
/* End PBXBuildFile section */

/* Begin PBXFileReference section */
		F8ABBF942A83A5C60026D80D /* AdapterPattern.app */ = {isa = PBXFileReference; explicitFileType = wrapper.application; includeInIndex = 0; path = AdapterPattern.app; sourceTree = BUILT_PRODUCTS_DIR; };
		F8ABBF972A83A5C60026D80D /* AppDelegate.swift */ = {isa = PBXFileReference; lastKnownFileType = sourcecode.swift; path = AppDelegate.swift; sourceTree = "<group>"; };
		F8ABBF992A83A5C60026D80D /* SceneDelegate.swift */ = {isa = PBXFileReference; lastKnownFileType = sourcecode.swift; path = SceneDelegate.swift; sourceTree = "<group>"; };
		F8ABBF9B2A83A5C60026D80D /* ViewController.swift */ = {isa = PBXFileReference; lastKnownFileType = sourcecode.swift; path = ViewController.swift; sourceTree = "<group>"; };
		F8ABBF9E2A83A5C60026D80D /* Base */ = {isa = PBXFileReference; lastKnownFileType = file.storyboard; name = Base; path = Base.lproj/Main.storyboard; sourceTree = "<group>"; };
		F8ABBFA02A83A5C80026D80D /* Assets.xcassets */ = {isa = PBXFileReference; lastKnownFileType = folder.assetcatalog; path = Assets.xcassets; sourceTree = "<group>"; };
		F8ABBFA32A83A5C80026D80D /* Base */ = {isa = PBXFileReference; lastKnownFileType = file.storyboard; name = Base; path = Base.lproj/LaunchScreen.storyboard; sourceTree = "<group>"; };
		F8ABBFA52A83A5C80026D80D /* Info.plist */ = {isa = PBXFileReference; lastKnownFileType = text.plist.xml; path = Info.plist; sourceTree = "<group>"; };
		F8ABBFAD2A83A6660026D80D /* JumpingProtocol.swift */ = {isa = PBXFileReference; lastKnownFileType = sourcecode.swift; path = JumpingProtocol.swift; sourceTree = "<group>"; };
		F8ABBFB32A83A75F0026D80D /* FrogAdapter.swift */ = {isa = PBXFileReference; lastKnownFileType = sourcecode.swift; path = FrogAdapter.swift; sourceTree = "<group>"; };
		F8ABBFB62A83A78B0026D80D /* FrogAdaptee.swift */ = {isa = PBXFileReference; lastKnownFileType = sourcecode.swift; path = FrogAdaptee.swift; sourceTree = "<group>"; };
/* End PBXFileReference section */

/* Begin PBXFrameworksBuildPhase section */
		F8ABBF912A83A5C60026D80D /* Frameworks */ = {
			isa = PBXFrameworksBuildPhase;
			buildActionMask = 2147483647;
			files = (
			);
			runOnlyForDeploymentPostprocessing = 0;
		};
/* End PBXFrameworksBuildPhase section */

/* Begin PBXGroup section */
		F8ABBF8B2A83A5C60026D80D = {
			isa = PBXGroup;
			children = (
				F8ABBF962A83A5C60026D80D /* AdapterPattern */,
				F8ABBF952A83A5C60026D80D /* Products */,
			);
			sourceTree = "<group>";
		};
		F8ABBF952A83A5C60026D80D /* Products */ = {
			isa = PBXGroup;
			children = (
				F8ABBF942A83A5C60026D80D /* AdapterPattern.app */,
			);
			name = Products;
			sourceTree = "<group>";
		};
		F8ABBF962A83A5C60026D80D /* AdapterPattern */ = {
			isa = PBXGroup;
			children = (
				F8ABBFAB2A83A5DC0026D80D /* AdapterPatternExample */,
				F8ABBF972A83A5C60026D80D /* AppDelegate.swift */,
				F8ABBF992A83A5C60026D80D /* SceneDelegate.swift */,
				F8ABBF9B2A83A5C60026D80D /* ViewController.swift */,
				F8ABBF9D2A83A5C60026D80D /* Main.storyboard */,
				F8ABBFA02A83A5C80026D80D /* Assets.xcassets */,
				F8ABBFA22A83A5C80026D80D /* LaunchScreen.storyboard */,
				F8ABBFA52A83A5C80026D80D /* Info.plist */,
			);
			path = AdapterPattern;
			sourceTree = "<group>";
		};
		F8ABBFAB2A83A5DC0026D80D /* AdapterPatternExample */ = {
			isa = PBXGroup;
			children = (
				F8ABBFB52A83A77A0026D80D /* Adaptee */,
				F8ABBFB22A83A7510026D80D /* Adapter */,
				F8ABBFAC2A83A5F50026D80D /* Protocol */,
			);
			path = AdapterPatternExample;
			sourceTree = "<group>";
		};
		F8ABBFAC2A83A5F50026D80D /* Protocol */ = {
			isa = PBXGroup;
			children = (
				F8ABBFAD2A83A6660026D80D /* JumpingProtocol.swift */,
			);
			path = Protocol;
			sourceTree = "<group>";
		};
		F8ABBFB22A83A7510026D80D /* Adapter */ = {
			isa = PBXGroup;
			children = (
				F8ABBFB32A83A75F0026D80D /* FrogAdapter.swift */,
			);
			path = Adapter;
			sourceTree = "<group>";
		};
		F8ABBFB52A83A77A0026D80D /* Adaptee */ = {
			isa = PBXGroup;
			children = (
				F8ABBFB62A83A78B0026D80D /* FrogAdaptee.swift */,
			);
			path = Adaptee;
			sourceTree = "<group>";
		};
/* End PBXGroup section */

/* Begin PBXNativeTarget section */
		F8ABBF932A83A5C60026D80D /* AdapterPattern */ = {
			isa = PBXNativeTarget;
			buildConfigurationList = F8ABBFA82A83A5C80026D80D /* Build configuration list for PBXNativeTarget "AdapterPattern" */;
			buildPhases = (
				F8ABBF902A83A5C60026D80D /* Sources */,
				F8ABBF912A83A5C60026D80D /* Frameworks */,
				F8ABBF922A83A5C60026D80D /* Resources */,
			);
			buildRules = (
			);
			dependencies = (
			);
			name = AdapterPattern;
			productName = AdapterPattern;
			productReference = F8ABBF942A83A5C60026D80D /* AdapterPattern.app */;
			productType = "com.apple.product-type.application";
		};
/* End PBXNativeTarget section */

/* Begin PBXProject section */
		F8ABBF8C2A83A5C60026D80D /* Project object */ = {
			isa = PBXProject;
			attributes = {
				BuildIndependentTargetsInParallel = 1;
				LastSwiftUpdateCheck = 1420;
				LastUpgradeCheck = 1420;
				TargetAttributes = {
					F8ABBF932A83A5C60026D80D = {
						CreatedOnToolsVersion = 14.2;
					};
				};
			};
			buildConfigurationList = F8ABBF8F2A83A5C60026D80D /* Build configuration list for PBXProject "AdapterPattern" */;
			compatibilityVersion = "Xcode 14.0";
			developmentRegion = en;
			hasScannedForEncodings = 0;
			knownRegions = (
				en,
				Base,
			);
			mainGroup = F8ABBF8B2A83A5C60026D80D;
			productRefGroup = F8ABBF952A83A5C60026D80D /* Products */;
			projectDirPath = "";
			projectRoot = "";
			targets = (
				F8ABBF932A83A5C60026D80D /* AdapterPattern */,
			);
		};
/* End PBXProject section */

/* Begin PBXResourcesBuildPhase section */
		F8ABBF922A83A5C60026D80D /* Resources */ = {
			isa = PBXResourcesBuildPhase;
			buildActionMask = 2147483647;
			files = (
				F8ABBFA42A83A5C80026D80D /* LaunchScreen.storyboard in Resources */,
				F8ABBFA12A83A5C80026D80D /* Assets.xcassets in Resources */,
				F8ABBF9F2A83A5C60026D80D /* Main.storyboard in Resources */,
			);
			runOnlyForDeploymentPostprocessing = 0;
		};
/* End PBXResourcesBuildPhase section */

/* Begin PBXSourcesBuildPhase section */
		F8ABBF902A83A5C60026D80D /* Sources */ = {
			isa = PBXSourcesBuildPhase;
			buildActionMask = 2147483647;
			files = (
				F8ABBF9C2A83A5C60026D80D /* ViewController.swift in Sources */,
				F8ABBFB42A83A75F0026D80D /* FrogAdapter.swift in Sources */,
				F8ABBF982A83A5C60026D80D /* AppDelegate.swift in Sources */,
				F8ABBF9A2A83A5C60026D80D /* SceneDelegate.swift in Sources */,
				F8ABBFB72A83A78B0026D80D /* FrogAdaptee.swift in Sources */,
				F8ABBFAE2A83A6660026D80D /* JumpingProtocol.swift in Sources */,
			);
			runOnlyForDeploymentPostprocessing = 0;
		};
/* End PBXSourcesBuildPhase section */

/* Begin PBXVariantGroup section */
		F8ABBF9D2A83A5C60026D80D /* Main.storyboard */ = {
			isa = PBXVariantGroup;
			children = (
				F8ABBF9E2A83A5C60026D80D /* Base */,
			);
			name = Main.storyboard;
			sourceTree = "<group>";
		};
		F8ABBFA22A83A5C80026D80D /* LaunchScreen.storyboard */ = {
			isa = PBXVariantGroup;
			children = (
				F8ABBFA32A83A5C80026D80D /* Base */,
			);
			name = LaunchScreen.storyboard;
			sourceTree = "<group>";
		};
/* End PBXVariantGroup section */

/* Begin XCBuildConfiguration section */
		F8ABBFA62A83A5C80026D80D /* Debug */ = {
			isa = XCBuildConfiguration;
			buildSettings = {
				ALWAYS_SEARCH_USER_PATHS = NO;
				CLANG_ANALYZER_NONNULL = YES;
				CLANG_ANALYZER_NUMBER_OBJECT_CONVERSION = YES_AGGRESSIVE;
				CLANG_CXX_LANGUAGE_STANDARD = "gnu++20";
				CLANG_ENABLE_MODULES = YES;
				CLANG_ENABLE_OBJC_ARC = YES;
				CLANG_ENABLE_OBJC_WEAK = YES;
				CLANG_WARN_BLOCK_CAPTURE_AUTORELEASING = YES;
				CLANG_WARN_BOOL_CONVERSION = YES;
				CLANG_WARN_COMMA = YES;
				CLANG_WARN_CONSTANT_CONVERSION = YES;
				CLANG_WARN_DEPRECATED_OBJC_IMPLEMENTATIONS = YES;
				CLANG_WARN_DIRECT_OBJC_ISA_USAGE = YES_ERROR;
				CLANG_WARN_DOCUMENTATION_COMMENTS = YES;
				CLANG_WARN_EMPTY_BODY = YES;
				CLANG_WARN_ENUM_CONVERSION = YES;
				CLANG_WARN_INFINITE_RECURSION = YES;
				CLANG_WARN_INT_CONVERSION = YES;
				CLANG_WARN_NON_LITERAL_NULL_CONVERSION = YES;
				CLANG_WARN_OBJC_IMPLICIT_RETAIN_SELF = YES;
				CLANG_WARN_OBJC_LITERAL_CONVERSION = YES;
				CLANG_WARN_OBJC_ROOT_CLASS = YES_ERROR;
				CLANG_WARN_QUOTED_INCLUDE_IN_FRAMEWORK_HEADER = YES;
				CLANG_WARN_RANGE_LOOP_ANALYSIS = YES;
				CLANG_WARN_STRICT_PROTOTYPES = YES;
				CLANG_WARN_SUSPICIOUS_MOVE = YES;
				CLANG_WARN_UNGUARDED_AVAILABILITY = YES_AGGRESSIVE;
				CLANG_WARN_UNREACHABLE_CODE = YES;
				CLANG_WARN__DUPLICATE_METHOD_MATCH = YES;
				COPY_PHASE_STRIP = NO;
				DEBUG_INFORMATION_FORMAT = dwarf;
				ENABLE_STRICT_OBJC_MSGSEND = YES;
				ENABLE_TESTABILITY = YES;
				GCC_C_LANGUAGE_STANDARD = gnu11;
				GCC_DYNAMIC_NO_PIC = NO;
				GCC_NO_COMMON_BLOCKS = YES;
				GCC_OPTIMIZATION_LEVEL = 0;
				GCC_PREPROCESSOR_DEFINITIONS = (
					"DEBUG=1",
					"$(inherited)",
				);
				GCC_WARN_64_TO_32_BIT_CONVERSION = YES;
				GCC_WARN_ABOUT_RETURN_TYPE = YES_ERROR;
				GCC_WARN_UNDECLARED_SELECTOR = YES;
				GCC_WARN_UNINITIALIZED_AUTOS = YES_AGGRESSIVE;
				GCC_WARN_UNUSED_FUNCTION = YES;
				GCC_WARN_UNUSED_VARIABLE = YES;
				IPHONEOS_DEPLOYMENT_TARGET = 16.2;
				MTL_ENABLE_DEBUG_INFO = INCLUDE_SOURCE;
				MTL_FAST_MATH = YES;
				ONLY_ACTIVE_ARCH = YES;
				SDKROOT = iphoneos;
				SWIFT_ACTIVE_COMPILATION_CONDITIONS = DEBUG;
				SWIFT_OPTIMIZATION_LEVEL = "-Onone";
			};
			name = Debug;
		};
		F8ABBFA72A83A5C80026D80D /* Release */ = {
			isa = XCBuildConfiguration;
			buildSettings = {
				ALWAYS_SEARCH_USER_PATHS = NO;
				CLANG_ANALYZER_NONNULL = YES;
				CLANG_ANALYZER_NUMBER_OBJECT_CONVERSION = YES_AGGRESSIVE;
				CLANG_CXX_LANGUAGE_STANDARD = "gnu++20";
				CLANG_ENABLE_MODULES = YES;
				CLANG_ENABLE_OBJC_ARC = YES;
				CLANG_ENABLE_OBJC_WEAK = YES;
				CLANG_WARN_BLOCK_CAPTURE_AUTORELEASING = YES;
				CLANG_WARN_BOOL_CONVERSION = YES;
				CLANG_WARN_COMMA = YES;
				CLANG_WARN_CONSTANT_CONVERSION = YES;
				CLANG_WARN_DEPRECATED_OBJC_IMPLEMENTATIONS = YES;
				CLANG_WARN_DIRECT_OBJC_ISA_USAGE = YES_ERROR;
				CLANG_WARN_DOCUMENTATION_COMMENTS = YES;
				CLANG_WARN_EMPTY_BODY = YES;
				CLANG_WARN_ENUM_CONVERSION = YES;
				CLANG_WARN_INFINITE_RECURSION = YES;
				CLANG_WARN_INT_CONVERSION = YES;
				CLANG_WARN_NON_LITERAL_NULL_CONVERSION = YES;
				CLANG_WARN_OBJC_IMPLICIT_RETAIN_SELF = YES;
				CLANG_WARN_OBJC_LITERAL_CONVERSION = YES;
				CLANG_WARN_OBJC_ROOT_CLASS = YES_ERROR;
				CLANG_WARN_QUOTED_INCLUDE_IN_FRAMEWORK_HEADER = YES;
				CLANG_WARN_RANGE_LOOP_ANALYSIS = YES;
				CLANG_WARN_STRICT_PROTOTYPES = YES;
				CLANG_WARN_SUSPICIOUS_MOVE = YES;
				CLANG_WARN_UNGUARDED_AVAILABILITY = YES_AGGRESSIVE;
				CLANG_WARN_UNREACHABLE_CODE = YES;
				CLANG_WARN__DUPLICATE_METHOD_MATCH = YES;
				COPY_PHASE_STRIP = NO;
				DEBUG_INFORMATION_FORMAT = "dwarf-with-dsym";
				ENABLE_NS_ASSERTIONS = NO;
				ENABLE_STRICT_OBJC_MSGSEND = YES;
				GCC_C_LANGUAGE_STANDARD = gnu11;
				GCC_NO_COMMON_BLOCKS = YES;
				GCC_WARN_64_TO_32_BIT_CONVERSION = YES;
				GCC_WARN_ABOUT_RETURN_TYPE = YES_ERROR;
				GCC_WARN_UNDECLARED_SELECTOR = YES;
				GCC_WARN_UNINITIALIZED_AUTOS = YES_AGGRESSIVE;
				GCC_WARN_UNUSED_FUNCTION = YES;
				GCC_WARN_UNUSED_VARIABLE = YES;
				IPHONEOS_DEPLOYMENT_TARGET = 16.2;
				MTL_ENABLE_DEBUG_INFO = NO;
				MTL_FAST_MATH = YES;
				SDKROOT = iphoneos;
				SWIFT_COMPILATION_MODE = wholemodule;
				SWIFT_OPTIMIZATION_LEVEL = "-O";
				VALIDATE_PRODUCT = YES;
			};
			name = Release;
		};
		F8ABBFA92A83A5C80026D80D /* Debug */ = {
			isa = XCBuildConfiguration;
			buildSettings = {
				ASSETCATALOG_COMPILER_APPICON_NAME = AppIcon;
				ASSETCATALOG_COMPILER_GLOBAL_ACCENT_COLOR_NAME = AccentColor;
				CODE_SIGN_STYLE = Automatic;
				CURRENT_PROJECT_VERSION = 1;
				DEVELOPMENT_TEAM = M8S29G9Z3W;
				GENERATE_INFOPLIST_FILE = YES;
				INFOPLIST_FILE = AdapterPattern/Info.plist;
				INFOPLIST_KEY_UIApplicationSupportsIndirectInputEvents = YES;
				INFOPLIST_KEY_UILaunchStoryboardName = LaunchScreen;
				INFOPLIST_KEY_UIMainStoryboardFile = Main;
				INFOPLIST_KEY_UISupportedInterfaceOrientations_iPad = "UIInterfaceOrientationPortrait UIInterfaceOrientationPortraitUpsideDown UIInterfaceOrientationLandscapeLeft UIInterfaceOrientationLandscapeRight";
				INFOPLIST_KEY_UISupportedInterfaceOrientations_iPhone = "UIInterfaceOrientationPortrait UIInterfaceOrientationLandscapeLeft UIInterfaceOrientationLandscapeRight";
				IPHONEOS_DEPLOYMENT_TARGET = 16.0;
				LD_RUNPATH_SEARCH_PATHS = (
					"$(inherited)",
					"@executable_path/Frameworks",
				);
				MARKETING_VERSION = 1.0;
				PRODUCT_BUNDLE_IDENTIFIER = SwiftUi.oday.AdapterPattern;
				PRODUCT_NAME = "$(TARGET_NAME)";
				SWIFT_EMIT_LOC_STRINGS = YES;
				SWIFT_VERSION = 5.0;
				TARGETED_DEVICE_FAMILY = "1,2";
			};
			name = Debug;
		};
		F8ABBFAA2A83A5C80026D80D /* Release */ = {
			isa = XCBuildConfiguration;
			buildSettings = {
				ASSETCATALOG_COMPILER_APPICON_NAME = AppIcon;
				ASSETCATALOG_COMPILER_GLOBAL_ACCENT_COLOR_NAME = AccentColor;
				CODE_SIGN_STYLE = Automatic;
				CURRENT_PROJECT_VERSION = 1;
				DEVELOPMENT_TEAM = M8S29G9Z3W;
				GENERATE_INFOPLIST_FILE = YES;
				INFOPLIST_FILE = AdapterPattern/Info.plist;
				INFOPLIST_KEY_UIApplicationSupportsIndirectInputEvents = YES;
				INFOPLIST_KEY_UILaunchStoryboardName = LaunchScreen;
				INFOPLIST_KEY_UIMainStoryboardFile = Main;
				INFOPLIST_KEY_UISupportedInterfaceOrientations_iPad = "UIInterfaceOrientationPortrait UIInterfaceOrientationPortraitUpsideDown UIInterfaceOrientationLandscapeLeft UIInterfaceOrientationLandscapeRight";
				INFOPLIST_KEY_UISupportedInterfaceOrientations_iPhone = "UIInterfaceOrientationPortrait UIInterfaceOrientationLandscapeLeft UIInterfaceOrientationLandscapeRight";
				IPHONEOS_DEPLOYMENT_TARGET = 16.0;
				LD_RUNPATH_SEARCH_PATHS = (
					"$(inherited)",
					"@executable_path/Frameworks",
				);
				MARKETING_VERSION = 1.0;
				PRODUCT_BUNDLE_IDENTIFIER = SwiftUi.oday.AdapterPattern;
				PRODUCT_NAME = "$(TARGET_NAME)";
				SWIFT_EMIT_LOC_STRINGS = YES;
				SWIFT_VERSION = 5.0;
				TARGETED_DEVICE_FAMILY = "1,2";
			};
			name = Release;
		};
/* End XCBuildConfiguration section */

/* Begin XCConfigurationList section */
		F8ABBF8F2A83A5C60026D80D /* Build configuration list for PBXProject "AdapterPattern" */ = {
			isa = XCConfigurationList;
			buildConfigurations = (
				F8ABBFA62A83A5C80026D80D /* Debug */,
				F8ABBFA72A83A5C80026D80D /* Release */,
			);
			defaultConfigurationIsVisible = 0;
			defaultConfigurationName = Release;
		};
		F8ABBFA82A83A5C80026D80D /* Build configuration list for PBXNativeTarget "AdapterPattern" */ = {
			isa = XCConfigurationList;
			buildConfigurations = (
				F8ABBFA92A83A5C80026D80D /* Debug */,
				F8ABBFAA2A83A5C80026D80D /* Release */,
			);
			defaultConfigurationIsVisible = 0;
			defaultConfigurationName = Release;
		};
/* End XCConfigurationList section */
	};
	rootObject = F8ABBF8C2A83A5C60026D80D /* Project object */;
}
